
Microsoft Visual Studio Solution File, Format Version 12.00
# Visual Studio 15
VisualStudioVersion = 15.0.27130.2027
MinimumVisualStudioVersion = 10.0.40219.1
Project("{FAE04EC0-301F-11D3-BF4B-00C04F79EFBC}") = "OnlinePharmacy.web", "OnlinePharmacy.web\OnlinePharmacy.web.csproj", "{688A47B4-A035-42FD-A7FE-BE901122033B}"
EndProject
Project("{FAE04EC0-301F-11D3-BF4B-00C04F79EFBC}") = "OnlinePharmacy.Data", "OnlinePharmacy.Data\OnlinePharmacy.Data.csproj", "{2E5D50AF-1BE8-428B-90AA-8BF6BF3820C0}"
EndProject
Global
	GlobalSection(SolutionConfigurationPlatforms) = preSolution
		Debug|Any CPU = Debug|Any CPU
		Release|Any CPU = Release|Any CPU
	EndGlobalSection
	GlobalSection(ProjectConfigurationPlatforms) = postSolution
		{688A47B4-A035-42FD-A7FE-BE901122033B}.Debug|Any CPU.ActiveCfg = Debug|Any CPU
		{688A47B4-A035-42FD-A7FE-BE901122033B}.Debug|Any CPU.Build.0 = Debug|Any CPU
		{688A47B4-A035-42FD-A7FE-BE901122033B}.Release|Any CPU.ActiveCfg = Release|Any CPU
		{688A47B4-A035-42FD-A7FE-BE901122033B}.Release|Any CPU.Build.0 = Release|Any CPU
		{2E5D50AF-1BE8-428B-90AA-8BF6BF3820C0}.Debug|Any CPU.ActiveCfg = Debug|Any CPU
		{2E5D50AF-1BE8-428B-90AA-8BF6BF3820C0}.Debug|Any CPU.Build.0 = Debug|Any CPU
		{2E5D50AF-1BE8-428B-90AA-8BF6BF3820C0}.Release|Any CPU.ActiveCfg = Release|Any CPU
		{2E5D50AF-1BE8-428B-90AA-8BF6BF3820C0}.Release|Any CPU.Build.0 = Release|Any CPU
	EndGlobalSection
	GlobalSection(SolutionProperties) = preSolution
		HideSolutionNode = FALSE
	EndGlobalSection
	GlobalSection(ExtensibilityGlobals) = postSolution
		SolutionGuid = {6BB26FB0-C63A-496A-BCB5-C16CF65CB973}
	EndGlobalSection
EndGlobal
